
Microsoft Visual Studio Solution File, Format Version 12.00
# Visual Studio Version 17
VisualStudioVersion = 17.0.31903.59
MinimumVisualStudioVersion = 10.0.40219.1
Project("{FAE04EC0-301F-11D3-BF4B-00C04F79EFBC}") = "LanLinker.Core", "LanLinker.Core\LanLinker.Core.csproj", "{13E87846-6603-4869-91EF-034600CC1967}"
EndProject
Project("{FAE04EC0-301F-11D3-BF4B-00C04F79EFBC}") = "LanLinker.Console", "LanLinker.Console\LanLinker.Console.csproj", "{F6A0BB38-FF16-4D91-9411-74D11DFEC42C}"
EndProject
Project("{FAE04EC0-301F-11D3-BF4B-00C04F79EFBC}") = "LanLinker.Desktop", "LanLinker.Desktop\LanLinker.Desktop.csproj", "{017C4EDB-0D9D-4031-8522-18ABE4CBCBF2}"
EndProject
Global
	GlobalSection(SolutionConfigurationPlatforms) = preSolution
		Debug|Any CPU = Debug|Any CPU
		Release|Any CPU = Release|Any CPU
	EndGlobalSection
	GlobalSection(SolutionProperties) = preSolution
		HideSolutionNode = FALSE
	EndGlobalSection
	GlobalSection(ProjectConfigurationPlatforms) = postSolution
		{13E87846-6603-4869-91EF-034600CC1967}.Debug|Any CPU.ActiveCfg = Debug|Any CPU
		{13E87846-6603-4869-91EF-034600CC1967}.Debug|Any CPU.Build.0 = Debug|Any CPU
		{13E87846-6603-4869-91EF-034600CC1967}.Release|Any CPU.ActiveCfg = Release|Any CPU
		{13E87846-6603-4869-91EF-034600CC1967}.Release|Any CPU.Build.0 = Release|Any CPU
		{F6A0BB38-FF16-4D91-9411-74D11DFEC42C}.Debug|Any CPU.ActiveCfg = Debug|Any CPU
		{F6A0BB38-FF16-4D91-9411-74D11DFEC42C}.Debug|Any CPU.Build.0 = Debug|Any CPU
		{F6A0BB38-FF16-4D91-9411-74D11DFEC42C}.Release|Any CPU.ActiveCfg = Release|Any CPU
		{F6A0BB38-FF16-4D91-9411-74D11DFEC42C}.Release|Any CPU.Build.0 = Release|Any CPU
		{017C4EDB-0D9D-4031-8522-18ABE4CBCBF2}.Debug|Any CPU.ActiveCfg = Debug|Any CPU
		{017C4EDB-0D9D-4031-8522-18ABE4CBCBF2}.Debug|Any CPU.Build.0 = Debug|Any CPU
		{017C4EDB-0D9D-4031-8522-18ABE4CBCBF2}.Release|Any CPU.ActiveCfg = Release|Any CPU
		{017C4EDB-0D9D-4031-8522-18ABE4CBCBF2}.Release|Any CPU.Build.0 = Release|Any CPU
	EndGlobalSection
EndGlobal
